<?xml version="1.0" encoding="UTF-8" standalone="yes" ?>
<CodeBlocks_project_file>
	<FileVersion major="1" minor="6" />
	<Project>
		<Option title="triviaGame" />
		<Option pch_mode="2" />
		<Option compiler="gcc" />
		<Build>
			<Target title="Debug">
				<Option output="bin/Debug/triviaGame" prefix_auto="1" extension_auto="1" />
				<Option object_output="obj/Debug/" />
				<Option external_deps="../../../../../usr/include/nlohmann/json.hpp;" />
				<Option type="0" />
				<Option compiler="gcc" />
				<Option projectLinkerOptionsRelation="2" />
				<Compiler>
					<Add option="-g" />
				</Compiler>
				<Linker>
					<Add directory="../../../../../usr/include" />
				</Linker>
			</Target>
			<Target title="Release">
				<Option output="bin/Release/triviaGame" prefix_auto="1" extension_auto="1" />
				<Option object_output="obj/Release/" />
				<Option type="0" />
				<Option compiler="gcc" />
				<Option projectLinkerOptionsRelation="2" />
				<Compiler>
					<Add option="-O2" />
				</Compiler>
				<Linker>
					<Add option="-s" />
					<Add directory="../../../../../usr/include" />
				</Linker>
			</Target>
		</Build>
		<Compiler>
			<Add option="-Wall" />
			<Add option="`wx-config --cflags`" />
		</Compiler>
		<Linker>
			<Add option="`wx-config --libs`" />
			<Add directory="../../../../../usr/include" />
		</Linker>
		<Unit filename="MainMenuPage.cpp" />
		<Unit filename="MainMenuPage.h" />
		<Unit filename="database.h" />
		<Unit filename="gameLogic.h" />
		<Unit filename="gameScore.h" />
		<Unit filename="json.hpp" />
		<Unit filename="optionPage.cpp" />
		<Unit filename="optionPage.h" />
		<Unit filename="player.h" />
		<Unit filename="questionChoiceBank.h" />
		<Unit filename="questions.json" />
		<Unit filename="triviaGameApp.cpp" />
		<Unit filename="triviaGameApp.h" />
		<Unit filename="triviaGameEngine.cpp" />
		<Unit filename="triviaGameEngine.h" />
		<Unit filename="triviaGameMain.cpp" />
		<Unit filename="triviaGameMain.h" />
		<Unit filename="wxsmith/MainMenuPage.wxs" />
		<Unit filename="wxsmith/optionPage.wxs" />
		<Unit filename="wxsmith/triviaGameframe.wxs" />
		<Extensions>
			<envvars />
			<code_completion />
			<wxsmith version="1">
				<gui name="wxWidgets" src="triviaGameApp.cpp" main="triviaGameFrame" init_handlers="necessary" language="CPP" />
				<resources>
					<wxFrame wxs="wxsmith/triviaGameframe.wxs" src="triviaGameMain.cpp" hdr="triviaGameMain.h" fwddecl="0" i18n="1" name="triviaGameFrame" language="CPP" />
					<wxFrame wxs="wxsmith/MainMenuPage.wxs" src="MainMenuPage.cpp" hdr="MainMenuPage.h" fwddecl="0" i18n="1" name="MainMenuPage" language="CPP" />
					<wxFrame wxs="wxsmith/optionPage.wxs" src="optionPage.cpp" hdr="optionPage.h" fwddecl="0" i18n="1" name="optionPage" language="CPP" />
				</resources>
			</wxsmith>
			<debugger />
			<lib_finder disable_auto="1" />
		</Extensions>
	</Project>
</CodeBlocks_project_file>
